
Microsoft Visual Studio Solution File, Format Version 12.00
# Visual Studio 2012
Project("{f2a71f9b-5d33-465a-a702-920d77279786}") = "FSharp.Tutorial", "FSharp.Tutorial\FSharp.Tutorial.fsproj", "{73E7978D-3E70-48F6-A329-A89A64F20282}"
EndProject
Project("{f2a71f9b-5d33-465a-a702-920d77279786}") = "Introduction.FirstApplication", "Introduction.FirstApplication\Introduction.FirstApplication.fsproj", "{FB50EC0E-1CF1-4FE8-AE83-F430FA1A6463}"
EndProject
Project("{f2a71f9b-5d33-465a-a702-920d77279786}") = "Module1.Assignment", "Module1.Assignment\Module1.Assignment.fsproj", "{629EF5B9-9485-4345-AD2E-738E42E8D68B}"
EndProject
Project("{f2a71f9b-5d33-465a-a702-920d77279786}") = "Module2.Practice", "Module2.Practice\Module2.Practice.fsproj", "{9EADA4F6-DBAD-48E0-B820-D1EA7C877B04}"
EndProject
Global
	GlobalSection(SolutionConfigurationPlatforms) = preSolution
		Debug|x86 = Debug|x86
		Release|x86 = Release|x86
	EndGlobalSection
	GlobalSection(ProjectConfigurationPlatforms) = postSolution
		{73E7978D-3E70-48F6-A329-A89A64F20282}.Debug|x86.ActiveCfg = Debug|x86
		{73E7978D-3E70-48F6-A329-A89A64F20282}.Debug|x86.Build.0 = Debug|x86
		{73E7978D-3E70-48F6-A329-A89A64F20282}.Release|x86.ActiveCfg = Release|x86
		{73E7978D-3E70-48F6-A329-A89A64F20282}.Release|x86.Build.0 = Release|x86
		{FB50EC0E-1CF1-4FE8-AE83-F430FA1A6463}.Debug|x86.ActiveCfg = Debug|x86
		{FB50EC0E-1CF1-4FE8-AE83-F430FA1A6463}.Debug|x86.Build.0 = Debug|x86
		{FB50EC0E-1CF1-4FE8-AE83-F430FA1A6463}.Release|x86.ActiveCfg = Release|x86
		{FB50EC0E-1CF1-4FE8-AE83-F430FA1A6463}.Release|x86.Build.0 = Release|x86
		{629EF5B9-9485-4345-AD2E-738E42E8D68B}.Debug|x86.ActiveCfg = Debug|x86
		{629EF5B9-9485-4345-AD2E-738E42E8D68B}.Debug|x86.Build.0 = Debug|x86
		{629EF5B9-9485-4345-AD2E-738E42E8D68B}.Release|x86.ActiveCfg = Release|x86
		{629EF5B9-9485-4345-AD2E-738E42E8D68B}.Release|x86.Build.0 = Release|x86
		{9EADA4F6-DBAD-48E0-B820-D1EA7C877B04}.Debug|x86.ActiveCfg = Debug|x86
		{9EADA4F6-DBAD-48E0-B820-D1EA7C877B04}.Debug|x86.Build.0 = Debug|x86
		{9EADA4F6-DBAD-48E0-B820-D1EA7C877B04}.Release|x86.ActiveCfg = Release|x86
		{9EADA4F6-DBAD-48E0-B820-D1EA7C877B04}.Release|x86.Build.0 = Release|x86
	EndGlobalSection
	GlobalSection(MonoDevelopProperties) = preSolution
		Policies = $0
		$0.DotNetNamingPolicy = $1
		$1.DirectoryNamespaceAssociation = None
		$1.ResourceNamePolicy = FileFormatDefault
		$0.TextStylePolicy = $2
		$2.inheritsSet = VisualStudio
		$2.scope = text/plain
		$2.FileWidth = 120
		$2.inheritsScope = text/plain
		$0.FSharpFormattingPolicy = $3
		$3.DefaultFormat = $4
		$4.IndentOnTryWith = False
		$4.ReorderOpenDeclaration = False
		$4.SpaceAfterComma = True
		$4.SpaceAfterSemicolon = True
		$4.SpaceAroundDelimiter = True
		$4.SpaceBeforeArgument = True
		$4.SpaceBeforeColon = True
		$3.scope = text/x-fsharp
		$0.TextStylePolicy = $5
		$5.FileWidth = 120
		$5.inheritsSet = VisualStudio
		$5.inheritsScope = text/plain
		$5.scope = text/plain
		$0.StandardHeader = $6
		$6.Text = 
		$6.IncludeInNewFiles = True
		$0.NameConventionPolicy = $7
		$7.Rules = $8
		$8.NamingRule = $9
		$9.Name = Type Parameters
		$9.AffectedEntity = TypeParameter
		$9.VisibilityMask = VisibilityMask
		$9.NamingStyle = PascalCase
		$9.IncludeInstanceMembers = True
		$9.IncludeStaticEntities = True
		$9.RequiredPrefixes = $31
		$31.String = T
		$9.RequiredSuffixes = $32
		$32.String = Exception
		$8.NamingRule = $10
		$10.Name = Types
		$10.AffectedEntity = Class, Struct, Enum, Delegate
		$10.VisibilityMask = Public
		$10.NamingStyle = PascalCase
		$10.IncludeInstanceMembers = True
		$10.IncludeStaticEntities = True
		$8.NamingRule = $11
		$11.Name = Interfaces
		$11.RequiredPrefixes = $12
		$12.String = I
		$11.AffectedEntity = Interface
		$11.VisibilityMask = Public
		$11.NamingStyle = PascalCase
		$11.IncludeInstanceMembers = True
		$11.IncludeStaticEntities = True
		$8.NamingRule = $13
		$13.Name = Attributes
		$13.RequiredSuffixes = $14
		$14.String = Attribute
		$13.AffectedEntity = CustomAttributes
		$13.VisibilityMask = Public
		$13.NamingStyle = PascalCase
		$13.IncludeInstanceMembers = True
		$13.IncludeStaticEntities = True
		$8.NamingRule = $15
		$15.Name = Event Arguments
		$15.RequiredSuffixes = $16
		$16.String = EventArgs
		$15.AffectedEntity = CustomEventArgs
		$15.VisibilityMask = Public
		$15.NamingStyle = PascalCase
		$15.IncludeInstanceMembers = True
		$15.IncludeStaticEntities = True
		$8.NamingRule = $17
		$17.Name = Exceptions
		$17.RequiredSuffixes = $18
		$18.String = Exception
		$17.AffectedEntity = CustomExceptions
		$17.VisibilityMask = VisibilityMask
		$17.NamingStyle = PascalCase
		$17.IncludeInstanceMembers = True
		$17.IncludeStaticEntities = True
		$8.NamingRule = $19
		$19.Name = Methods
		$19.AffectedEntity = Methods
		$19.VisibilityMask = Protected, Public
		$19.NamingStyle = PascalCase
		$19.IncludeInstanceMembers = True
		$19.IncludeStaticEntities = True
		$8.NamingRule = $20
		$20.Name = Static Readonly Fields
		$20.AffectedEntity = ReadonlyField
		$20.VisibilityMask = Protected, Public
		$20.NamingStyle = PascalCase
		$20.IncludeInstanceMembers = False
		$20.IncludeStaticEntities = True
		$8.NamingRule = $21
		$21.Name = Fields
		$21.AffectedEntity = Field
		$21.VisibilityMask = Protected, Public
		$21.NamingStyle = PascalCase
		$21.IncludeInstanceMembers = True
		$21.IncludeStaticEntities = True
		$8.NamingRule = $22
		$22.Name = ReadOnly Fields
		$22.AffectedEntity = ReadonlyField
		$22.VisibilityMask = Protected, Public
		$22.NamingStyle = PascalCase
		$22.IncludeInstanceMembers = True
		$22.IncludeStaticEntities = False
		$8.NamingRule = $23
		$23.Name = Constant Fields
		$23.AffectedEntity = ConstantField
		$23.VisibilityMask = Protected, Public
		$23.NamingStyle = PascalCase
		$23.IncludeInstanceMembers = True
		$23.IncludeStaticEntities = True
		$8.NamingRule = $24
		$24.Name = Properties
		$24.AffectedEntity = Property
		$24.VisibilityMask = Protected, Public
		$24.NamingStyle = PascalCase
		$24.IncludeInstanceMembers = True
		$24.IncludeStaticEntities = True
		$8.NamingRule = $25
		$25.Name = Events
		$25.AffectedEntity = Event
		$25.VisibilityMask = Protected, Public
		$25.NamingStyle = PascalCase
		$25.IncludeInstanceMembers = True
		$25.IncludeStaticEntities = True
		$8.NamingRule = $26
		$26.Name = Enum Members
		$26.AffectedEntity = EnumMember
		$26.VisibilityMask = VisibilityMask
		$26.NamingStyle = PascalCase
		$26.IncludeInstanceMembers = True
		$26.IncludeStaticEntities = True
		$8.NamingRule = $27
		$27.Name = Parameters
		$27.AffectedEntity = Parameter
		$27.VisibilityMask = VisibilityMask
		$27.NamingStyle = CamelCase
		$27.IncludeInstanceMembers = True
		$27.IncludeStaticEntities = True
		$8.NamingRule = $28
		$28.Name = Type Parameters
		$28.RequiredPrefixes = $29
		$29.String = T
		$28.AffectedEntity = TypeParameter
		$28.VisibilityMask = VisibilityMask
		$28.NamingStyle = PascalCase
		$28.IncludeInstanceMembers = True
		$28.IncludeStaticEntities = True
		$0.VersionControlPolicy = $30
		$30.inheritsSet = Mono
	EndGlobalSection
EndGlobal
