Microsoft Visual Studio Solution File, Format Version 12.00
# Visual Studio 14
VisualStudioVersion = 14.0.25420.1
MinimumVisualStudioVersion = 10.0.40219.1
Project("{2150E333-8FDC-42A3-9474-1A3956D46DE8}") = ".paket", ".paket", "{7EA1C6DC-159E-4132-90A3-68AFBB28BAEC}"
	ProjectSection(SolutionItems) = preProject
		paket.dependencies = paket.dependencies
	EndProjectSection
EndProject
Project("{2150E333-8FDC-42A3-9474-1A3956D46DE8}") = "build", "build", "{BF60BC93-E09B-4E5F-9D85-95A519479D54}"
	ProjectSection(SolutionItems) = preProject
		build.fsx = build.fsx
	EndProjectSection
EndProject
Project("{f2a71f9b-5d33-465a-a702-920d77279786}") = "Chapter01", "src\app\Chapter01\Chapter01.fsproj", "{6A48C74D-2810-40C1-BFFB-EA24890B0416}"
EndProject
Project("{f2a71f9b-5d33-465a-a702-920d77279786}") = "Chapter02", "src\app\Chapter02\Chapter02.fsproj", "{DDDD08DB-77B6-4A2F-A045-99752D48F41E}"
EndProject
Project("{f2a71f9b-5d33-465a-a702-920d77279786}") = "Chapter03", "src\app\Chapter03\Chapter03.fsproj", "{D88D015C-DF20-48C2-946F-38E1B678C952}"
EndProject
Project("{f2a71f9b-5d33-465a-a702-920d77279786}") = "Chapter04", "src\app\Chapter04\Chapter04.fsproj", "{6A3119F1-B24A-40A9-B539-68DC288F0EE9}"
EndProject
Project("{f2a71f9b-5d33-465a-a702-920d77279786}") = "Chapter04.Tests", "src\test\Chapter04.Tests\Chapter04.Tests.fsproj", "{4EA66370-75B6-48E4-9BF8-B9926A5C83B8}"
EndProject
Project("{f2a71f9b-5d33-465a-a702-920d77279786}") = "Chapter05", "src\app\Chapter05\Chapter05.fsproj", "{36694DCA-EA33-45A6-9C53-F6B14225DE01}"
EndProject
Project("{f2a71f9b-5d33-465a-a702-920d77279786}") = "Chapter05.Tests", "src\test\Chapter05.Tests\Chapter05.Tests.fsproj", "{71EAB3BA-45DC-4EBF-AEFB-303659F5B8E5}"
EndProject
Global
	GlobalSection(SolutionConfigurationPlatforms) = preSolution
		Debug|Any CPU = Debug|Any CPU
		Debug|x86 = Debug|x86
		Release|Any CPU = Release|Any CPU
		Release|x86 = Release|x86
	EndGlobalSection
	GlobalSection(ProjectConfigurationPlatforms) = postSolution
		{6A48C74D-2810-40C1-BFFB-EA24890B0416}.Debug|Any CPU.ActiveCfg = Debug|Any CPU
		{6A48C74D-2810-40C1-BFFB-EA24890B0416}.Debug|Any CPU.Build.0 = Debug|Any CPU
		{6A48C74D-2810-40C1-BFFB-EA24890B0416}.Debug|x86.ActiveCfg = Debug|Any CPU
		{6A48C74D-2810-40C1-BFFB-EA24890B0416}.Debug|x86.Build.0 = Debug|Any CPU
		{6A48C74D-2810-40C1-BFFB-EA24890B0416}.Release|Any CPU.ActiveCfg = Release|Any CPU
		{6A48C74D-2810-40C1-BFFB-EA24890B0416}.Release|Any CPU.Build.0 = Release|Any CPU
		{6A48C74D-2810-40C1-BFFB-EA24890B0416}.Release|x86.ActiveCfg = Release|Any CPU
		{6A48C74D-2810-40C1-BFFB-EA24890B0416}.Release|x86.Build.0 = Release|Any CPU
		{DDDD08DB-77B6-4A2F-A045-99752D48F41E}.Debug|Any CPU.ActiveCfg = Debug|Any CPU
		{DDDD08DB-77B6-4A2F-A045-99752D48F41E}.Debug|Any CPU.Build.0 = Debug|Any CPU
		{DDDD08DB-77B6-4A2F-A045-99752D48F41E}.Debug|x86.ActiveCfg = Debug|Any CPU
		{DDDD08DB-77B6-4A2F-A045-99752D48F41E}.Debug|x86.Build.0 = Debug|Any CPU
		{DDDD08DB-77B6-4A2F-A045-99752D48F41E}.Release|Any CPU.ActiveCfg = Release|Any CPU
		{DDDD08DB-77B6-4A2F-A045-99752D48F41E}.Release|Any CPU.Build.0 = Release|Any CPU
		{DDDD08DB-77B6-4A2F-A045-99752D48F41E}.Release|x86.ActiveCfg = Release|Any CPU
		{DDDD08DB-77B6-4A2F-A045-99752D48F41E}.Release|x86.Build.0 = Release|Any CPU
		{D88D015C-DF20-48C2-946F-38E1B678C952}.Debug|Any CPU.ActiveCfg = Debug|Any CPU
		{D88D015C-DF20-48C2-946F-38E1B678C952}.Debug|Any CPU.Build.0 = Debug|Any CPU
		{D88D015C-DF20-48C2-946F-38E1B678C952}.Debug|x86.ActiveCfg = Debug|Any CPU
		{D88D015C-DF20-48C2-946F-38E1B678C952}.Debug|x86.Build.0 = Debug|Any CPU
		{D88D015C-DF20-48C2-946F-38E1B678C952}.Release|Any CPU.ActiveCfg = Release|Any CPU
		{D88D015C-DF20-48C2-946F-38E1B678C952}.Release|Any CPU.Build.0 = Release|Any CPU
		{D88D015C-DF20-48C2-946F-38E1B678C952}.Release|x86.ActiveCfg = Release|Any CPU
		{D88D015C-DF20-48C2-946F-38E1B678C952}.Release|x86.Build.0 = Release|Any CPU
		{6A3119F1-B24A-40A9-B539-68DC288F0EE9}.Debug|Any CPU.ActiveCfg = Debug|Any CPU
		{6A3119F1-B24A-40A9-B539-68DC288F0EE9}.Debug|Any CPU.Build.0 = Debug|Any CPU
		{6A3119F1-B24A-40A9-B539-68DC288F0EE9}.Debug|x86.ActiveCfg = Debug|Any CPU
		{6A3119F1-B24A-40A9-B539-68DC288F0EE9}.Debug|x86.Build.0 = Debug|Any CPU
		{6A3119F1-B24A-40A9-B539-68DC288F0EE9}.Release|Any CPU.ActiveCfg = Release|Any CPU
		{6A3119F1-B24A-40A9-B539-68DC288F0EE9}.Release|Any CPU.Build.0 = Release|Any CPU
		{6A3119F1-B24A-40A9-B539-68DC288F0EE9}.Release|x86.ActiveCfg = Release|Any CPU
		{6A3119F1-B24A-40A9-B539-68DC288F0EE9}.Release|x86.Build.0 = Release|Any CPU
		{4EA66370-75B6-48E4-9BF8-B9926A5C83B8}.Debug|Any CPU.ActiveCfg = Debug|Any CPU
		{4EA66370-75B6-48E4-9BF8-B9926A5C83B8}.Debug|Any CPU.Build.0 = Debug|Any CPU
		{4EA66370-75B6-48E4-9BF8-B9926A5C83B8}.Debug|x86.ActiveCfg = Debug|Any CPU
		{4EA66370-75B6-48E4-9BF8-B9926A5C83B8}.Debug|x86.Build.0 = Debug|Any CPU
		{4EA66370-75B6-48E4-9BF8-B9926A5C83B8}.Release|Any CPU.ActiveCfg = Release|Any CPU
		{4EA66370-75B6-48E4-9BF8-B9926A5C83B8}.Release|Any CPU.Build.0 = Release|Any CPU
		{4EA66370-75B6-48E4-9BF8-B9926A5C83B8}.Release|x86.ActiveCfg = Release|Any CPU
		{4EA66370-75B6-48E4-9BF8-B9926A5C83B8}.Release|x86.Build.0 = Release|Any CPU
		{36694DCA-EA33-45A6-9C53-F6B14225DE01}.Debug|Any CPU.ActiveCfg = Debug|Any CPU
		{36694DCA-EA33-45A6-9C53-F6B14225DE01}.Debug|Any CPU.Build.0 = Debug|Any CPU
		{36694DCA-EA33-45A6-9C53-F6B14225DE01}.Debug|x86.ActiveCfg = Debug|Any CPU
		{36694DCA-EA33-45A6-9C53-F6B14225DE01}.Debug|x86.Build.0 = Debug|Any CPU
		{36694DCA-EA33-45A6-9C53-F6B14225DE01}.Release|Any CPU.ActiveCfg = Release|Any CPU
		{36694DCA-EA33-45A6-9C53-F6B14225DE01}.Release|Any CPU.Build.0 = Release|Any CPU
		{36694DCA-EA33-45A6-9C53-F6B14225DE01}.Release|x86.ActiveCfg = Release|Any CPU
		{36694DCA-EA33-45A6-9C53-F6B14225DE01}.Release|x86.Build.0 = Release|Any CPU
		{71EAB3BA-45DC-4EBF-AEFB-303659F5B8E5}.Debug|Any CPU.ActiveCfg = Debug|Any CPU
		{71EAB3BA-45DC-4EBF-AEFB-303659F5B8E5}.Debug|Any CPU.Build.0 = Debug|Any CPU
		{71EAB3BA-45DC-4EBF-AEFB-303659F5B8E5}.Debug|x86.ActiveCfg = Debug|Any CPU
		{71EAB3BA-45DC-4EBF-AEFB-303659F5B8E5}.Debug|x86.Build.0 = Debug|Any CPU
		{71EAB3BA-45DC-4EBF-AEFB-303659F5B8E5}.Release|Any CPU.ActiveCfg = Release|Any CPU
		{71EAB3BA-45DC-4EBF-AEFB-303659F5B8E5}.Release|Any CPU.Build.0 = Release|Any CPU
		{71EAB3BA-45DC-4EBF-AEFB-303659F5B8E5}.Release|x86.ActiveCfg = Release|Any CPU
		{71EAB3BA-45DC-4EBF-AEFB-303659F5B8E5}.Release|x86.Build.0 = Release|Any CPU
	EndGlobalSection
	GlobalSection(SolutionProperties) = preSolution
		HideSolutionNode = FALSE
	EndGlobalSection
EndGlobal
